
Microsoft Visual Studio Solution File, Format Version 12.00
# Visual Studio Version 16
VisualStudioVersion = 16.0.29409.12
MinimumVisualStudioVersion = 10.0.40219.1
Project("{8BC9CEB8-8B4A-11D0-8D11-00A0C91BC942}") = "Simple8", "Simple8.vcxproj", "{AB8E17AE-6CA7-47D9-9467-8815095AAA60}"
EndProject
Global
	GlobalSection(SolutionConfigurationPlatforms) = preSolution
		Debug|x64 = Debug|x64
		Debug|x86 = Debug|x86
		Release|x64 = Release|x64
		Release|x86 = Release|x86
	EndGlobalSection
	GlobalSection(ProjectConfigurationPlatforms) = postSolution
		{AB8E17AE-6CA7-47D9-9467-8815095AAA60}.Debug|x64.ActiveCfg = Debug|x64
		{AB8E17AE-6CA7-47D9-9467-8815095AAA60}.Debug|x64.Build.0 = Debug|x64
		{AB8E17AE-6CA7-47D9-9467-8815095AAA60}.Debug|x86.ActiveCfg = Debug|Win32
		{AB8E17AE-6CA7-47D9-9467-8815095AAA60}.Debug|x86.Build.0 = Debug|Win32
		{AB8E17AE-6CA7-47D9-9467-8815095AAA60}.Release|x64.ActiveCfg = Release|x64
		{AB8E17AE-6CA7-47D9-9467-8815095AAA60}.Release|x64.Build.0 = Release|x64
		{AB8E17AE-6CA7-47D9-9467-8815095AAA60}.Release|x86.ActiveCfg = Release|Win32
		{AB8E17AE-6CA7-47D9-9467-8815095AAA60}.Release|x86.Build.0 = Release|Win32
	EndGlobalSection
	GlobalSection(SolutionProperties) = preSolution
		HideSolutionNode = FALSE
	EndGlobalSection
	GlobalSection(ExtensibilityGlobals) = postSolution
		SolutionGuid = {5D1528C2-224B-4C76-8D2B-B5017697169D}
	EndGlobalSection
EndGlobal
